// !$*UTF8*$!
{
	archiveVersion = 1;
	classes = {
	};
	objectVersion = 50;
	objects = {

/* Begin PBXBuildFile section */
		672C280521BA4767005AD81F /* AppDelegate.m in Sources */ = {isa = PBXBuildFile; fileRef = 672C280421BA4767005AD81F /* AppDelegate.m */; };
		672C280821BA4767005AD81F /* ViewController.m in Sources */ = {isa = PBXBuildFile; fileRef = 672C280721BA4767005AD81F /* ViewController.m */; };
		672C280B21BA4767005AD81F /* Main.storyboard in Resources */ = {isa = PBXBuildFile; fileRef = 672C280921BA4767005AD81F /* Main.storyboard */; };
		672C280D21BA4768005AD81F /* Assets.xcassets in Resources */ = {isa = PBXBuildFile; fileRef = 672C280C21BA4768005AD81F /* Assets.xcassets */; };
		672C281021BA4768005AD81F /* LaunchScreen.storyboard in Resources */ = {isa = PBXBuildFile; fileRef = 672C280E21BA4768005AD81F /* LaunchScreen.storyboard */; };
		672C281321BA4768005AD81F /* main.m in Sources */ = {isa = PBXBuildFile; fileRef = 672C281221BA4768005AD81F /* main.m */; };
		672C282021BA479E005AD81F /* xxxSetting.m in Sources */ = {isa = PBXBuildFile; fileRef = 672C281B21BA479E005AD81F /* xxxSetting.m */; };
		672C282121BA479E005AD81F /* xxxSettingHandler+Setting.m in Sources */ = {isa = PBXBuildFile; fileRef = 672C281D21BA479E005AD81F /* xxxSettingHandler+Setting.m */; };
		672C282221BA479E005AD81F /* xxxSettingHandler.m in Sources */ = {isa = PBXBuildFile; fileRef = 672C281F21BA479E005AD81F /* xxxSettingHandler.m */; };
		679F2D2E21CA3ADC00BCC8C6 /* Handler.m in Sources */ = {isa = PBXBuildFile; fileRef = 679F2D2921CA3ADB00BCC8C6 /* Handler.m */; };
		679F2D2F21CA3ADC00BCC8C6 /* Handler+Handler.m in Sources */ = {isa = PBXBuildFile; fileRef = 679F2D2C21CA3ADC00BCC8C6 /* Handler+Handler.m */; };
		679F2D3021CA3ADC00BCC8C6 /* Handler+Setting.m in Sources */ = {isa = PBXBuildFile; fileRef = 679F2D2D21CA3ADC00BCC8C6 /* Handler+Setting.m */; };
/* End PBXBuildFile section */

/* Begin PBXFileReference section */
		672C280021BA4767005AD81F /* OCModuleCallBack.app */ = {isa = PBXFileReference; explicitFileType = wrapper.application; includeInIndex = 0; path = OCModuleCallBack.app; sourceTree = BUILT_PRODUCTS_DIR; };
		672C280321BA4767005AD81F /* AppDelegate.h */ = {isa = PBXFileReference; lastKnownFileType = sourcecode.c.h; path = AppDelegate.h; sourceTree = "<group>"; };
		672C280421BA4767005AD81F /* AppDelegate.m */ = {isa = PBXFileReference; lastKnownFileType = sourcecode.c.objc; path = AppDelegate.m; sourceTree = "<group>"; };
		672C280621BA4767005AD81F /* ViewController.h */ = {isa = PBXFileReference; lastKnownFileType = sourcecode.c.h; path = ViewController.h; sourceTree = "<group>"; };
		672C280721BA4767005AD81F /* ViewController.m */ = {isa = PBXFileReference; lastKnownFileType = sourcecode.c.objc; path = ViewController.m; sourceTree = "<group>"; };
		672C280A21BA4767005AD81F /* Base */ = {isa = PBXFileReference; lastKnownFileType = file.storyboard; name = Base; path = Base.lproj/Main.storyboard; sourceTree = "<group>"; };
		672C280C21BA4768005AD81F /* Assets.xcassets */ = {isa = PBXFileReference; lastKnownFileType = folder.assetcatalog; path = Assets.xcassets; sourceTree = "<group>"; };
		672C280F21BA4768005AD81F /* Base */ = {isa = PBXFileReference; lastKnownFileType = file.storyboard; name = Base; path = Base.lproj/LaunchScreen.storyboard; sourceTree = "<group>"; };
		672C281121BA4768005AD81F /* Info.plist */ = {isa = PBXFileReference; lastKnownFileType = text.plist.xml; path = Info.plist; sourceTree = "<group>"; };
		672C281221BA4768005AD81F /* main.m */ = {isa = PBXFileReference; lastKnownFileType = sourcecode.c.objc; path = main.m; sourceTree = "<group>"; };
		672C281A21BA479E005AD81F /* xxxSetting.h */ = {isa = PBXFileReference; fileEncoding = 4; lastKnownFileType = sourcecode.c.h; path = xxxSetting.h; sourceTree = "<group>"; };
		672C281B21BA479E005AD81F /* xxxSetting.m */ = {isa = PBXFileReference; fileEncoding = 4; lastKnownFileType = sourcecode.c.objc; path = xxxSetting.m; sourceTree = "<group>"; };
		672C281C21BA479E005AD81F /* xxxSettingHandler+Setting.h */ = {isa = PBXFileReference; fileEncoding = 4; lastKnownFileType = sourcecode.c.h; path = "xxxSettingHandler+Setting.h"; sourceTree = "<group>"; };
		672C281D21BA479E005AD81F /* xxxSettingHandler+Setting.m */ = {isa = PBXFileReference; fileEncoding = 4; lastKnownFileType = sourcecode.c.objc; path = "xxxSettingHandler+Setting.m"; sourceTree = "<group>"; };
		672C281E21BA479E005AD81F /* xxxSettingHandler.h */ = {isa = PBXFileReference; fileEncoding = 4; lastKnownFileType = sourcecode.c.h; path = xxxSettingHandler.h; sourceTree = "<group>"; };
		672C281F21BA479E005AD81F /* xxxSettingHandler.m */ = {isa = PBXFileReference; fileEncoding = 4; lastKnownFileType = sourcecode.c.objc; path = xxxSettingHandler.m; sourceTree = "<group>"; };
		679F2D2821CA3ADB00BCC8C6 /* Handler+Setting.h */ = {isa = PBXFileReference; fileEncoding = 4; lastKnownFileType = sourcecode.c.h; path = "Handler+Setting.h"; sourceTree = "<group>"; };
		679F2D2921CA3ADB00BCC8C6 /* Handler.m */ = {isa = PBXFileReference; fileEncoding = 4; lastKnownFileType = sourcecode.c.objc; path = Handler.m; sourceTree = "<group>"; };
		679F2D2A21CA3ADB00BCC8C6 /* Handler+Handler.h */ = {isa = PBXFileReference; fileEncoding = 4; lastKnownFileType = sourcecode.c.h; path = "Handler+Handler.h"; sourceTree = "<group>"; };
		679F2D2B21CA3ADB00BCC8C6 /* Handler.h */ = {isa = PBXFileReference; fileEncoding = 4; lastKnownFileType = sourcecode.c.h; path = Handler.h; sourceTree = "<group>"; };
		679F2D2C21CA3ADC00BCC8C6 /* Handler+Handler.m */ = {isa = PBXFileReference; fileEncoding = 4; lastKnownFileType = sourcecode.c.objc; path = "Handler+Handler.m"; sourceTree = "<group>"; };
		679F2D2D21CA3ADC00BCC8C6 /* Handler+Setting.m */ = {isa = PBXFileReference; fileEncoding = 4; lastKnownFileType = sourcecode.c.objc; path = "Handler+Setting.m"; sourceTree = "<group>"; };
/* End PBXFileReference section */

/* Begin PBXFrameworksBuildPhase section */
		672C27FD21BA4767005AD81F /* Frameworks */ = {
			isa = PBXFrameworksBuildPhase;
			buildActionMask = 2147483647;
			files = (
			);
			runOnlyForDeploymentPostprocessing = 0;
		};
/* End PBXFrameworksBuildPhase section */

/* Begin PBXGroup section */
		672C27F721BA4767005AD81F = {
			isa = PBXGroup;
			children = (
				672C280221BA4767005AD81F /* OCModuleCallBack */,
				672C280121BA4767005AD81F /* Products */,
			);
			sourceTree = "<group>";
		};
		672C280121BA4767005AD81F /* Products */ = {
			isa = PBXGroup;
			children = (
				672C280021BA4767005AD81F /* OCModuleCallBack.app */,
			);
			name = Products;
			sourceTree = "<group>";
		};
		672C280221BA4767005AD81F /* OCModuleCallBack */ = {
			isa = PBXGroup;
			children = (
				672C281921BA479E005AD81F /* ModuleCallBack */,
				672C280321BA4767005AD81F /* AppDelegate.h */,
				672C280421BA4767005AD81F /* AppDelegate.m */,
				672C280621BA4767005AD81F /* ViewController.h */,
				672C280721BA4767005AD81F /* ViewController.m */,
				672C280921BA4767005AD81F /* Main.storyboard */,
				672C280C21BA4768005AD81F /* Assets.xcassets */,
				672C280E21BA4768005AD81F /* LaunchScreen.storyboard */,
				672C281121BA4768005AD81F /* Info.plist */,
				672C281221BA4768005AD81F /* main.m */,
			);
			path = OCModuleCallBack;
			sourceTree = "<group>";
		};
		672C281921BA479E005AD81F /* ModuleCallBack */ = {
			isa = PBXGroup;
			children = (
				672C281A21BA479E005AD81F /* xxxSetting.h */,
				672C281B21BA479E005AD81F /* xxxSetting.m */,
				672C281C21BA479E005AD81F /* xxxSettingHandler+Setting.h */,
				672C281D21BA479E005AD81F /* xxxSettingHandler+Setting.m */,
				672C281E21BA479E005AD81F /* xxxSettingHandler.h */,
				672C281F21BA479E005AD81F /* xxxSettingHandler.m */,
				679F2D2B21CA3ADB00BCC8C6 /* Handler.h */,
				679F2D2921CA3ADB00BCC8C6 /* Handler.m */,
				679F2D2A21CA3ADB00BCC8C6 /* Handler+Handler.h */,
				679F2D2C21CA3ADC00BCC8C6 /* Handler+Handler.m */,
				679F2D2821CA3ADB00BCC8C6 /* Handler+Setting.h */,
				679F2D2D21CA3ADC00BCC8C6 /* Handler+Setting.m */,
			);
			path = ModuleCallBack;
			sourceTree = "<group>";
		};
/* End PBXGroup section */

/* Begin PBXNativeTarget section */
		672C27FF21BA4767005AD81F /* OCModuleCallBack */ = {
			isa = PBXNativeTarget;
			buildConfigurationList = 672C281621BA4768005AD81F /* Build configuration list for PBXNativeTarget "OCModuleCallBack" */;
			buildPhases = (
				672C27FC21BA4767005AD81F /* Sources */,
				672C27FD21BA4767005AD81F /* Frameworks */,
				672C27FE21BA4767005AD81F /* Resources */,
			);
			buildRules = (
			);
			dependencies = (
			);
			name = OCModuleCallBack;
			productName = OCModuleCallBack;
			productReference = 672C280021BA4767005AD81F /* OCModuleCallBack.app */;
			productType = "com.apple.product-type.application";
		};
/* End PBXNativeTarget section */

/* Begin PBXProject section */
		672C27F821BA4767005AD81F /* Project object */ = {
			isa = PBXProject;
			attributes = {
				LastUpgradeCheck = 1000;
				ORGANIZATIONNAME = LZ;
				TargetAttributes = {
					672C27FF21BA4767005AD81F = {
						CreatedOnToolsVersion = 10.0;
					};
				};
			};
			buildConfigurationList = 672C27FB21BA4767005AD81F /* Build configuration list for PBXProject "OCModuleCallBack" */;
			compatibilityVersion = "Xcode 9.3";
			developmentRegion = en;
			hasScannedForEncodings = 0;
			knownRegions = (
				en,
				Base,
			);
			mainGroup = 672C27F721BA4767005AD81F;
			productRefGroup = 672C280121BA4767005AD81F /* Products */;
			projectDirPath = "";
			projectRoot = "";
			targets = (
				672C27FF21BA4767005AD81F /* OCModuleCallBack */,
			);
		};
/* End PBXProject section */

/* Begin PBXResourcesBuildPhase section */
		672C27FE21BA4767005AD81F /* Resources */ = {
			isa = PBXResourcesBuildPhase;
			buildActionMask = 2147483647;
			files = (
				672C281021BA4768005AD81F /* LaunchScreen.storyboard in Resources */,
				672C280D21BA4768005AD81F /* Assets.xcassets in Resources */,
				672C280B21BA4767005AD81F /* Main.storyboard in Resources */,
			);
			runOnlyForDeploymentPostprocessing = 0;
		};
/* End PBXResourcesBuildPhase section */

/* Begin PBXSourcesBuildPhase section */
		672C27FC21BA4767005AD81F /* Sources */ = {
			isa = PBXSourcesBuildPhase;
			buildActionMask = 2147483647;
			files = (
				672C282221BA479E005AD81F /* xxxSettingHandler.m in Sources */,
				672C280821BA4767005AD81F /* ViewController.m in Sources */,
				672C282021BA479E005AD81F /* xxxSetting.m in Sources */,
				679F2D2F21CA3ADC00BCC8C6 /* Handler+Handler.m in Sources */,
				672C281321BA4768005AD81F /* main.m in Sources */,
				679F2D3021CA3ADC00BCC8C6 /* Handler+Setting.m in Sources */,
				679F2D2E21CA3ADC00BCC8C6 /* Handler.m in Sources */,
				672C282121BA479E005AD81F /* xxxSettingHandler+Setting.m in Sources */,
				672C280521BA4767005AD81F /* AppDelegate.m in Sources */,
			);
			runOnlyForDeploymentPostprocessing = 0;
		};
/* End PBXSourcesBuildPhase section */

/* Begin PBXVariantGroup section */
		672C280921BA4767005AD81F /* Main.storyboard */ = {
			isa = PBXVariantGroup;
			children = (
				672C280A21BA4767005AD81F /* Base */,
			);
			name = Main.storyboard;
			sourceTree = "<group>";
		};
		672C280E21BA4768005AD81F /* LaunchScreen.storyboard */ = {
			isa = PBXVariantGroup;
			children = (
				672C280F21BA4768005AD81F /* Base */,
			);
			name = LaunchScreen.storyboard;
			sourceTree = "<group>";
		};
/* End PBXVariantGroup section */

/* Begin XCBuildConfiguration section */
		672C281421BA4768005AD81F /* Debug */ = {
			isa = XCBuildConfiguration;
			buildSettings = {
				ALWAYS_SEARCH_USER_PATHS = NO;
				CLANG_ANALYZER_NONNULL = YES;
				CLANG_ANALYZER_NUMBER_OBJECT_CONVERSION = YES_AGGRESSIVE;
				CLANG_CXX_LANGUAGE_STANDARD = "gnu++14";
				CLANG_CXX_LIBRARY = "libc++";
				CLANG_ENABLE_MODULES = YES;
				CLANG_ENABLE_OBJC_ARC = YES;
				CLANG_ENABLE_OBJC_WEAK = YES;
				CLANG_WARN_BLOCK_CAPTURE_AUTORELEASING = YES;
				CLANG_WARN_BOOL_CONVERSION = YES;
				CLANG_WARN_COMMA = YES;
				CLANG_WARN_CONSTANT_CONVERSION = YES;
				CLANG_WARN_DEPRECATED_OBJC_IMPLEMENTATIONS = YES;
				CLANG_WARN_DIRECT_OBJC_ISA_USAGE = YES_ERROR;
				CLANG_WARN_DOCUMENTATION_COMMENTS = YES;
				CLANG_WARN_EMPTY_BODY = YES;
				CLANG_WARN_ENUM_CONVERSION = YES;
				CLANG_WARN_INFINITE_RECURSION = YES;
				CLANG_WARN_INT_CONVERSION = YES;
				CLANG_WARN_NON_LITERAL_NULL_CONVERSION = YES;
				CLANG_WARN_OBJC_IMPLICIT_RETAIN_SELF = YES;
				CLANG_WARN_OBJC_LITERAL_CONVERSION = YES;
				CLANG_WARN_OBJC_ROOT_CLASS = YES_ERROR;
				CLANG_WARN_RANGE_LOOP_ANALYSIS = YES;
				CLANG_WARN_STRICT_PROTOTYPES = YES;
				CLANG_WARN_SUSPICIOUS_MOVE = YES;
				CLANG_WARN_UNGUARDED_AVAILABILITY = YES_AGGRESSIVE;
				CLANG_WARN_UNREACHABLE_CODE = YES;
				CLANG_WARN__DUPLICATE_METHOD_MATCH = YES;
				CODE_SIGN_IDENTITY = "iPhone Developer";
				COPY_PHASE_STRIP = NO;
				DEBUG_INFORMATION_FORMAT = dwarf;
				ENABLE_STRICT_OBJC_MSGSEND = YES;
				ENABLE_TESTABILITY = YES;
				GCC_C_LANGUAGE_STANDARD = gnu11;
				GCC_DYNAMIC_NO_PIC = NO;
				GCC_NO_COMMON_BLOCKS = YES;
				GCC_OPTIMIZATION_LEVEL = 0;
				GCC_PREPROCESSOR_DEFINITIONS = (
					"DEBUG=1",
					"$(inherited)",
				);
				GCC_WARN_64_TO_32_BIT_CONVERSION = YES;
				GCC_WARN_ABOUT_RETURN_TYPE = YES_ERROR;
				GCC_WARN_UNDECLARED_SELECTOR = YES;
				GCC_WARN_UNINITIALIZED_AUTOS = YES_AGGRESSIVE;
				GCC_WARN_UNUSED_FUNCTION = YES;
				GCC_WARN_UNUSED_VARIABLE = YES;
				IPHONEOS_DEPLOYMENT_TARGET = 12.0;
				MTL_ENABLE_DEBUG_INFO = INCLUDE_SOURCE;
				MTL_FAST_MATH = YES;
				ONLY_ACTIVE_ARCH = YES;
				SDKROOT = iphoneos;
			};
			name = Debug;
		};
		672C281521BA4768005AD81F /* Release */ = {
			isa = XCBuildConfiguration;
			buildSettings = {
				ALWAYS_SEARCH_USER_PATHS = NO;
				CLANG_ANALYZER_NONNULL = YES;
				CLANG_ANALYZER_NUMBER_OBJECT_CONVERSION = YES_AGGRESSIVE;
				CLANG_CXX_LANGUAGE_STANDARD = "gnu++14";
				CLANG_CXX_LIBRARY = "libc++";
				CLANG_ENABLE_MODULES = YES;
				CLANG_ENABLE_OBJC_ARC = YES;
				CLANG_ENABLE_OBJC_WEAK = YES;
				CLANG_WARN_BLOCK_CAPTURE_AUTORELEASING = YES;
				CLANG_WARN_BOOL_CONVERSION = YES;
				CLANG_WARN_COMMA = YES;
				CLANG_WARN_CONSTANT_CONVERSION = YES;
				CLANG_WARN_DEPRECATED_OBJC_IMPLEMENTATIONS = YES;
				CLANG_WARN_DIRECT_OBJC_ISA_USAGE = YES_ERROR;
				CLANG_WARN_DOCUMENTATION_COMMENTS = YES;
				CLANG_WARN_EMPTY_BODY = YES;
				CLANG_WARN_ENUM_CONVERSION = YES;
				CLANG_WARN_INFINITE_RECURSION = YES;
				CLANG_WARN_INT_CONVERSION = YES;
				CLANG_WARN_NON_LITERAL_NULL_CONVERSION = YES;
				CLANG_WARN_OBJC_IMPLICIT_RETAIN_SELF = YES;
				CLANG_WARN_OBJC_LITERAL_CONVERSION = YES;
				CLANG_WARN_OBJC_ROOT_CLASS = YES_ERROR;
				CLANG_WARN_RANGE_LOOP_ANALYSIS = YES;
				CLANG_WARN_STRICT_PROTOTYPES = YES;
				CLANG_WARN_SUSPICIOUS_MOVE = YES;
				CLANG_WARN_UNGUARDED_AVAILABILITY = YES_AGGRESSIVE;
				CLANG_WARN_UNREACHABLE_CODE = YES;
				CLANG_WARN__DUPLICATE_METHOD_MATCH = YES;
				CODE_SIGN_IDENTITY = "iPhone Developer";
				COPY_PHASE_STRIP = NO;
				DEBUG_INFORMATION_FORMAT = "dwarf-with-dsym";
				ENABLE_NS_ASSERTIONS = NO;
				ENABLE_STRICT_OBJC_MSGSEND = YES;
				GCC_C_LANGUAGE_STANDARD = gnu11;
				GCC_NO_COMMON_BLOCKS = YES;
				GCC_WARN_64_TO_32_BIT_CONVERSION = YES;
				GCC_WARN_ABOUT_RETURN_TYPE = YES_ERROR;
				GCC_WARN_UNDECLARED_SELECTOR = YES;
				GCC_WARN_UNINITIALIZED_AUTOS = YES_AGGRESSIVE;
				GCC_WARN_UNUSED_FUNCTION = YES;
				GCC_WARN_UNUSED_VARIABLE = YES;
				IPHONEOS_DEPLOYMENT_TARGET = 12.0;
				MTL_ENABLE_DEBUG_INFO = NO;
				MTL_FAST_MATH = YES;
				SDKROOT = iphoneos;
				VALIDATE_PRODUCT = YES;
			};
			name = Release;
		};
		672C281721BA4768005AD81F /* Debug */ = {
			isa = XCBuildConfiguration;
			buildSettings = {
				ASSETCATALOG_COMPILER_APPICON_NAME = AppIcon;
				CODE_SIGN_STYLE = Automatic;
				INFOPLIST_FILE = OCModuleCallBack/Info.plist;
				LD_RUNPATH_SEARCH_PATHS = (
					"$(inherited)",
					"@executable_path/Frameworks",
				);
				PRODUCT_BUNDLE_IDENTIFIER = wwc.OCModuleCallBack;
				PRODUCT_NAME = "$(TARGET_NAME)";
				TARGETED_DEVICE_FAMILY = "1,2";
			};
			name = Debug;
		};
		672C281821BA4768005AD81F /* Release */ = {
			isa = XCBuildConfiguration;
			buildSettings = {
				ASSETCATALOG_COMPILER_APPICON_NAME = AppIcon;
				CODE_SIGN_STYLE = Automatic;
				INFOPLIST_FILE = OCModuleCallBack/Info.plist;
				LD_RUNPATH_SEARCH_PATHS = (
					"$(inherited)",
					"@executable_path/Frameworks",
				);
				PRODUCT_BUNDLE_IDENTIFIER = wwc.OCModuleCallBack;
				PRODUCT_NAME = "$(TARGET_NAME)";
				TARGETED_DEVICE_FAMILY = "1,2";
			};
			name = Release;
		};
/* End XCBuildConfiguration section */

/* Begin XCConfigurationList section */
		672C27FB21BA4767005AD81F /* Build configuration list for PBXProject "OCModuleCallBack" */ = {
			isa = XCConfigurationList;
			buildConfigurations = (
				672C281421BA4768005AD81F /* Debug */,
				672C281521BA4768005AD81F /* Release */,
			);
			defaultConfigurationIsVisible = 0;
			defaultConfigurationName = Release;
		};
		672C281621BA4768005AD81F /* Build configuration list for PBXNativeTarget "OCModuleCallBack" */ = {
			isa = XCConfigurationList;
			buildConfigurations = (
				672C281721BA4768005AD81F /* Debug */,
				672C281821BA4768005AD81F /* Release */,
			);
			defaultConfigurationIsVisible = 0;
			defaultConfigurationName = Release;
		};
/* End XCConfigurationList section */
	};
	rootObject = 672C27F821BA4767005AD81F /* Project object */;
}
